Microsoft Visual Studio Solution File, Format Version 12.00
# I don't use visual studio, but omnisharp stopped analyzing my main project when it detected a .sln file in bepuphysics.
VisualStudioVersion = 17.0.31903.59
MinimumVisualStudioVersion = 10.0.40219.1
Project("{FAE04EC0-301F-11D3-BF4B-00C04F79EFBC}") = "Trilateral", "Trilateral\Trilateral.csproj", "{0978A927-6B35-46D4-887E-2B91C467A767}"
EndProject
Project("{FAE04EC0-301F-11D3-BF4B-00C04F79EFBC}") = "BasicGUI", "BasicGUI\BasicGUI.csproj", "{9FF88B36-847C-41CD-AAAE-82FC4543C760}"
EndProject
Project("{FAE04EC0-301F-11D3-BF4B-00C04F79EFBC}") = "VModel", "VModel\VModel.csproj", "{42FF2E2A-0DD6-4FDB-899C-CA86F5CD5379}"
EndProject
Project("{FAE04EC0-301F-11D3-BF4B-00C04F79EFBC}") = "nbtsharp", "nbtsharp\nbtsharp.csproj", "{958F9E05-23B0-405C-A928-F4971A3E62E6}"
EndProject
Project("{2150E333-8FDC-42A3-9474-1A3956D46DE8}") = "bepuphysics2", "bepuphysics2", "{59BA926F-7FB2-4E6F-89B5-F0E72EE4ADE9}"
EndProject
Project("{FAE04EC0-301F-11D3-BF4B-00C04F79EFBC}") = "BepuPhysics", "bepuphysics2\BepuPhysics\BepuPhysics.csproj", "{58440B44-95EE-42E8-A1E9-B1BD30C37260}"
EndProject
Project("{FAE04EC0-301F-11D3-BF4B-00C04F79EFBC}") = "BepuUtilities", "bepuphysics2\BepuUtilities\BepuUtilities.csproj", "{700DA2C8-B37D-4D61-9C4C-758393DBB4A6}"
EndProject
Global
	GlobalSection(SolutionConfigurationPlatforms) = preSolution
		Debug|Any CPU = Debug|Any CPU
		Release|Any CPU = Release|Any CPU
	EndGlobalSection
	GlobalSection(SolutionProperties) = preSolution
		HideSolutionNode = FALSE
	EndGlobalSection
	GlobalSection(ProjectConfigurationPlatforms) = postSolution
		{0978A927-6B35-46D4-887E-2B91C467A767}.Debug|Any CPU.ActiveCfg = Debug|Any CPU
		{0978A927-6B35-46D4-887E-2B91C467A767}.Debug|Any CPU.Build.0 = Debug|Any CPU
		{0978A927-6B35-46D4-887E-2B91C467A767}.Release|Any CPU.ActiveCfg = Release|Any CPU
		{0978A927-6B35-46D4-887E-2B91C467A767}.Release|Any CPU.Build.0 = Release|Any CPU
		{9FF88B36-847C-41CD-AAAE-82FC4543C760}.Debug|Any CPU.ActiveCfg = Debug|Any CPU
		{9FF88B36-847C-41CD-AAAE-82FC4543C760}.Debug|Any CPU.Build.0 = Debug|Any CPU
		{9FF88B36-847C-41CD-AAAE-82FC4543C760}.Release|Any CPU.ActiveCfg = Release|Any CPU
		{9FF88B36-847C-41CD-AAAE-82FC4543C760}.Release|Any CPU.Build.0 = Release|Any CPU
		{42FF2E2A-0DD6-4FDB-899C-CA86F5CD5379}.Debug|Any CPU.ActiveCfg = Debug|Any CPU
		{42FF2E2A-0DD6-4FDB-899C-CA86F5CD5379}.Debug|Any CPU.Build.0 = Debug|Any CPU
		{42FF2E2A-0DD6-4FDB-899C-CA86F5CD5379}.Release|Any CPU.ActiveCfg = Release|Any CPU
		{42FF2E2A-0DD6-4FDB-899C-CA86F5CD5379}.Release|Any CPU.Build.0 = Release|Any CPU
		{958F9E05-23B0-405C-A928-F4971A3E62E6}.Debug|Any CPU.ActiveCfg = Debug|Any CPU
		{958F9E05-23B0-405C-A928-F4971A3E62E6}.Debug|Any CPU.Build.0 = Debug|Any CPU
		{958F9E05-23B0-405C-A928-F4971A3E62E6}.Release|Any CPU.ActiveCfg = Release|Any CPU
		{958F9E05-23B0-405C-A928-F4971A3E62E6}.Release|Any CPU.Build.0 = Release|Any CPU
		{58440B44-95EE-42E8-A1E9-B1BD30C37260}.Debug|Any CPU.ActiveCfg = Debug|Any CPU
		{58440B44-95EE-42E8-A1E9-B1BD30C37260}.Debug|Any CPU.Build.0 = Debug|Any CPU
		{58440B44-95EE-42E8-A1E9-B1BD30C37260}.Release|Any CPU.ActiveCfg = Release|Any CPU
		{58440B44-95EE-42E8-A1E9-B1BD30C37260}.Release|Any CPU.Build.0 = Release|Any CPU
		{700DA2C8-B37D-4D61-9C4C-758393DBB4A6}.Debug|Any CPU.ActiveCfg = Debug|Any CPU
		{700DA2C8-B37D-4D61-9C4C-758393DBB4A6}.Debug|Any CPU.Build.0 = Debug|Any CPU
		{700DA2C8-B37D-4D61-9C4C-758393DBB4A6}.Release|Any CPU.ActiveCfg = Release|Any CPU
		{700DA2C8-B37D-4D61-9C4C-758393DBB4A6}.Release|Any CPU.Build.0 = Release|Any CPU
	EndGlobalSection
	GlobalSection(NestedProjects) = preSolution
		{58440B44-95EE-42E8-A1E9-B1BD30C37260} = {59BA926F-7FB2-4E6F-89B5-F0E72EE4ADE9}
		{700DA2C8-B37D-4D61-9C4C-758393DBB4A6} = {59BA926F-7FB2-4E6F-89B5-F0E72EE4ADE9}
	EndGlobalSection
EndGlobal
